
Microsoft Visual Studio Solution File, Format Version 12.00
Project("{2150E333-8FDC-42A3-9474-1A3956D46DE8}") = "DomainModel", "DomainModel", "{7202271D-4C29-41CB-B9E7-3E80F27765C3}"
	ProjectSection(SolutionItems) = preProject
		DomainModel\.dockerignore = DomainModel\.dockerignore
		DomainModel\compose.yaml = DomainModel\compose.yaml
	EndProjectSection
EndProject
Project("{FAE04EC0-301F-11D3-BF4B-00C04F79EFBC}") = "Models", "DomainModel\Models\Models.csproj", "{59694021-9228-425E-8243-F85D5E8A4BD6}"
EndProject
Project("{FAE04EC0-301F-11D3-BF4B-00C04F79EFBC}") = "Mafia.Web.MVC", "Mafia.Web.MVC\Mafia.Web.MVC.csproj", "{FC2C954B-7133-42BF-A431-5501C0EE0500}"
EndProject
Project("{2150E333-8FDC-42A3-9474-1A3956D46DE8}") = "Security", "Security", "{E00926BB-7DCA-49A7-977B-14E308455423}"
EndProject
Project("{2150E333-8FDC-42A3-9474-1A3956D46DE8}") = "DataManager", "DataManager", "{0A3919B1-710A-4147-A79E-5B614D9D5FB4}"
EndProject
Project("{FAE04EC0-301F-11D3-BF4B-00C04F79EFBC}") = "DataContract", "DataManager\DataContract\DataContract.csproj", "{88680C2C-280E-4568-874C-2B0A78634D44}"
EndProject
Project("{FAE04EC0-301F-11D3-BF4B-00C04F79EFBC}") = "Authentication", "Security\Authentication\Authentication.csproj", "{B2493BAD-0474-4E3D-A141-B4D6BBEE0E6D}"
EndProject
Project("{2150E333-8FDC-42A3-9474-1A3956D46DE8}") = "Enum", "Enum", "{F4EAA66E-4566-4744-B84F-98D21DBF1539}"
EndProject
Project("{FAE04EC0-301F-11D3-BF4B-00C04F79EFBC}") = "Enums", "Enum\Enums\Enums.csproj", "{BC907A96-F338-4DA8-96FE-48934F02A6FE}"
EndProject
Project("{2150E333-8FDC-42A3-9474-1A3956D46DE8}") = "Service", "Service", "{E2E008E4-56BF-46B3-A15C-CAF1027546FF}"
EndProject
Project("{FAE04EC0-301F-11D3-BF4B-00C04F79EFBC}") = "UserService", "Service\UserService\UserService.csproj", "{E4213AC8-4E73-400F-A6C4-AB3C91BAB3C4}"
EndProject
Global
	GlobalSection(SolutionConfigurationPlatforms) = preSolution
		Debug|Any CPU = Debug|Any CPU
		Release|Any CPU = Release|Any CPU
	EndGlobalSection
	GlobalSection(ProjectConfigurationPlatforms) = postSolution
		{59694021-9228-425E-8243-F85D5E8A4BD6}.Debug|Any CPU.ActiveCfg = Debug|Any CPU
		{59694021-9228-425E-8243-F85D5E8A4BD6}.Debug|Any CPU.Build.0 = Debug|Any CPU
		{59694021-9228-425E-8243-F85D5E8A4BD6}.Release|Any CPU.ActiveCfg = Release|Any CPU
		{59694021-9228-425E-8243-F85D5E8A4BD6}.Release|Any CPU.Build.0 = Release|Any CPU
		{FC2C954B-7133-42BF-A431-5501C0EE0500}.Debug|Any CPU.ActiveCfg = Debug|Any CPU
		{FC2C954B-7133-42BF-A431-5501C0EE0500}.Debug|Any CPU.Build.0 = Debug|Any CPU
		{FC2C954B-7133-42BF-A431-5501C0EE0500}.Release|Any CPU.ActiveCfg = Release|Any CPU
		{FC2C954B-7133-42BF-A431-5501C0EE0500}.Release|Any CPU.Build.0 = Release|Any CPU
		{88680C2C-280E-4568-874C-2B0A78634D44}.Debug|Any CPU.ActiveCfg = Debug|Any CPU
		{88680C2C-280E-4568-874C-2B0A78634D44}.Debug|Any CPU.Build.0 = Debug|Any CPU
		{88680C2C-280E-4568-874C-2B0A78634D44}.Release|Any CPU.ActiveCfg = Release|Any CPU
		{88680C2C-280E-4568-874C-2B0A78634D44}.Release|Any CPU.Build.0 = Release|Any CPU
		{B2493BAD-0474-4E3D-A141-B4D6BBEE0E6D}.Debug|Any CPU.ActiveCfg = Debug|Any CPU
		{B2493BAD-0474-4E3D-A141-B4D6BBEE0E6D}.Debug|Any CPU.Build.0 = Debug|Any CPU
		{B2493BAD-0474-4E3D-A141-B4D6BBEE0E6D}.Release|Any CPU.ActiveCfg = Release|Any CPU
		{B2493BAD-0474-4E3D-A141-B4D6BBEE0E6D}.Release|Any CPU.Build.0 = Release|Any CPU
		{BC907A96-F338-4DA8-96FE-48934F02A6FE}.Debug|Any CPU.ActiveCfg = Debug|Any CPU
		{BC907A96-F338-4DA8-96FE-48934F02A6FE}.Debug|Any CPU.Build.0 = Debug|Any CPU
		{BC907A96-F338-4DA8-96FE-48934F02A6FE}.Release|Any CPU.ActiveCfg = Release|Any CPU
		{BC907A96-F338-4DA8-96FE-48934F02A6FE}.Release|Any CPU.Build.0 = Release|Any CPU
		{E4213AC8-4E73-400F-A6C4-AB3C91BAB3C4}.Debug|Any CPU.ActiveCfg = Debug|Any CPU
		{E4213AC8-4E73-400F-A6C4-AB3C91BAB3C4}.Debug|Any CPU.Build.0 = Debug|Any CPU
		{E4213AC8-4E73-400F-A6C4-AB3C91BAB3C4}.Release|Any CPU.ActiveCfg = Release|Any CPU
		{E4213AC8-4E73-400F-A6C4-AB3C91BAB3C4}.Release|Any CPU.Build.0 = Release|Any CPU
	EndGlobalSection
	GlobalSection(NestedProjects) = preSolution
		{59694021-9228-425E-8243-F85D5E8A4BD6} = {7202271D-4C29-41CB-B9E7-3E80F27765C3}
		{88680C2C-280E-4568-874C-2B0A78634D44} = {0A3919B1-710A-4147-A79E-5B614D9D5FB4}
		{B2493BAD-0474-4E3D-A141-B4D6BBEE0E6D} = {E00926BB-7DCA-49A7-977B-14E308455423}
		{BC907A96-F338-4DA8-96FE-48934F02A6FE} = {F4EAA66E-4566-4744-B84F-98D21DBF1539}
		{E4213AC8-4E73-400F-A6C4-AB3C91BAB3C4} = {E2E008E4-56BF-46B3-A15C-CAF1027546FF}
	EndGlobalSection
EndGlobal
